
Microsoft Visual Studio Solution File, Format Version 12.00
# Visual Studio 15
VisualStudioVersion = 15.0.27004.2006
MinimumVisualStudioVersion = 10.0.40219.1
Project("{FAE04EC0-301F-11D3-BF4B-00C04F79EFBC}") = "WebAppKnowHau", "WebAppKnowHau\WebAppKnowHau.csproj", "{0F659230-D824-48DD-B5FA-4ACBB134916F}"
EndProject
Global
	GlobalSection(SolutionConfigurationPlatforms) = preSolution
		Debug|Any CPU = Debug|Any CPU
		Release|Any CPU = Release|Any CPU
	EndGlobalSection
	GlobalSection(ProjectConfigurationPlatforms) = postSolution
		{0F659230-D824-48DD-B5FA-4ACBB134916F}.Debug|Any CPU.ActiveCfg = Debug|Any CPU
		{0F659230-D824-48DD-B5FA-4ACBB134916F}.Debug|Any CPU.Build.0 = Debug|Any CPU
		{0F659230-D824-48DD-B5FA-4ACBB134916F}.Release|Any CPU.ActiveCfg = Release|Any CPU
		{0F659230-D824-48DD-B5FA-4ACBB134916F}.Release|Any CPU.Build.0 = Release|Any CPU
	EndGlobalSection
	GlobalSection(SolutionProperties) = preSolution
		HideSolutionNode = FALSE
	EndGlobalSection
	GlobalSection(ExtensibilityGlobals) = postSolution
		SolutionGuid = {DBB8A83A-95E1-4003-9DBB-582FABD950F2}
	EndGlobalSection
EndGlobal
