
Microsoft Visual Studio Solution File, Format Version 12.00
# Visual Studio 15
VisualStudioVersion = 15.0.27004.2008
MinimumVisualStudioVersion = 10.0.40219.1
Project("{FAE04EC0-301F-11D3-BF4B-00C04F79EFBC}") = "MobileKnowHau.Android", "MobileKnowHau\MobileKnowHau.Android\MobileKnowHau.Android.csproj", "{D5521787-C94C-4EFD-BCD5-70AC3BF7EB23}"
EndProject
Project("{FAE04EC0-301F-11D3-BF4B-00C04F79EFBC}") = "MobileKnowHau", "MobileKnowHau\MobileKnowHau\MobileKnowHau.csproj", "{BFA4CD79-E031-4652-BF85-846BBD43859A}"
EndProject
Project("{FAE04EC0-301F-11D3-BF4B-00C04F79EFBC}") = "MobileKnowHau.UWP", "MobileKnowHau\MobileKnowHau.UWP\MobileKnowHau.UWP.csproj", "{9C6DF473-8141-4EAC-BFA1-5401D53B6682}"
EndProject
Project("{FAE04EC0-301F-11D3-BF4B-00C04F79EFBC}") = "MobileKnowHau.iOS", "MobileKnowHau\MobileKnowHau.iOS\MobileKnowHau.iOS.csproj", "{7EEC12B9-2993-4102-B38D-1407EB5887E0}"
EndProject
Global
	GlobalSection(SolutionConfigurationPlatforms) = preSolution
		Ad-Hoc|Any CPU = Ad-Hoc|Any CPU
		Ad-Hoc|ARM = Ad-Hoc|ARM
		Ad-Hoc|iPhone = Ad-Hoc|iPhone
		Ad-Hoc|iPhoneSimulator = Ad-Hoc|iPhoneSimulator
		Ad-Hoc|x64 = Ad-Hoc|x64
		Ad-Hoc|x86 = Ad-Hoc|x86
		AppStore|Any CPU = AppStore|Any CPU
		AppStore|ARM = AppStore|ARM
		AppStore|iPhone = AppStore|iPhone
		AppStore|iPhoneSimulator = AppStore|iPhoneSimulator
		AppStore|x64 = AppStore|x64
		AppStore|x86 = AppStore|x86
		Debug|Any CPU = Debug|Any CPU
		Debug|ARM = Debug|ARM
		Debug|iPhone = Debug|iPhone
		Debug|iPhoneSimulator = Debug|iPhoneSimulator
		Debug|x64 = Debug|x64
		Debug|x86 = Debug|x86
		Release|Any CPU = Release|Any CPU
		Release|ARM = Release|ARM
		Release|iPhone = Release|iPhone
		Release|iPhoneSimulator = Release|iPhoneSimulator
		Release|x64 = Release|x64
		Release|x86 = Release|x86
	EndGlobalSection
	GlobalSection(ProjectConfigurationPlatforms) = postSolution
		{D5521787-C94C-4EFD-BCD5-70AC3BF7EB23}.Ad-Hoc|Any CPU.ActiveCfg = Release|Any CPU
		{D5521787-C94C-4EFD-BCD5-70AC3BF7EB23}.Ad-Hoc|Any CPU.Build.0 = Release|Any CPU
		{D5521787-C94C-4EFD-BCD5-70AC3BF7EB23}.Ad-Hoc|Any CPU.Deploy.0 = Release|Any CPU
		{D5521787-C94C-4EFD-BCD5-70AC3BF7EB23}.Ad-Hoc|ARM.ActiveCfg = Release|Any CPU
		{D5521787-C94C-4EFD-BCD5-70AC3BF7EB23}.Ad-Hoc|ARM.Build.0 = Release|Any CPU
		{D5521787-C94C-4EFD-BCD5-70AC3BF7EB23}.Ad-Hoc|ARM.Deploy.0 = Release|Any CPU
		{D5521787-C94C-4EFD-BCD5-70AC3BF7EB23}.Ad-Hoc|iPhone.ActiveCfg = Release|Any CPU
		{D5521787-C94C-4EFD-BCD5-70AC3BF7EB23}.Ad-Hoc|iPhone.Build.0 = Release|Any CPU
		{D5521787-C94C-4EFD-BCD5-70AC3BF7EB23}.Ad-Hoc|iPhone.Deploy.0 = Release|Any CPU
		{D5521787-C94C-4EFD-BCD5-70AC3BF7EB23}.Ad-Hoc|iPhoneSimulator.ActiveCfg = Release|Any CPU
		{D5521787-C94C-4EFD-BCD5-70AC3BF7EB23}.Ad-Hoc|iPhoneSimulator.Build.0 = Release|Any CPU
		{D5521787-C94C-4EFD-BCD5-70AC3BF7EB23}.Ad-Hoc|iPhoneSimulator.Deploy.0 = Release|Any CPU
		{D5521787-C94C-4EFD-BCD5-70AC3BF7EB23}.Ad-Hoc|x64.ActiveCfg = Release|Any CPU
		{D5521787-C94C-4EFD-BCD5-70AC3BF7EB23}.Ad-Hoc|x64.Build.0 = Release|Any CPU
		{D5521787-C94C-4EFD-BCD5-70AC3BF7EB23}.Ad-Hoc|x64.Deploy.0 = Release|Any CPU
		{D5521787-C94C-4EFD-BCD5-70AC3BF7EB23}.Ad-Hoc|x86.ActiveCfg = Release|Any CPU
		{D5521787-C94C-4EFD-BCD5-70AC3BF7EB23}.Ad-Hoc|x86.Build.0 = Release|Any CPU
		{D5521787-C94C-4EFD-BCD5-70AC3BF7EB23}.Ad-Hoc|x86.Deploy.0 = Release|Any CPU
		{D5521787-C94C-4EFD-BCD5-70AC3BF7EB23}.AppStore|Any CPU.ActiveCfg = Release|Any CPU
		{D5521787-C94C-4EFD-BCD5-70AC3BF7EB23}.AppStore|Any CPU.Build.0 = Release|Any CPU
		{D5521787-C94C-4EFD-BCD5-70AC3BF7EB23}.AppStore|Any CPU.Deploy.0 = Release|Any CPU
		{D5521787-C94C-4EFD-BCD5-70AC3BF7EB23}.AppStore|ARM.ActiveCfg = Release|Any CPU
		{D5521787-C94C-4EFD-BCD5-70AC3BF7EB23}.AppStore|ARM.Build.0 = Release|Any CPU
		{D5521787-C94C-4EFD-BCD5-70AC3BF7EB23}.AppStore|ARM.Deploy.0 = Release|Any CPU
		{D5521787-C94C-4EFD-BCD5-70AC3BF7EB23}.AppStore|iPhone.ActiveCfg = Release|Any CPU
		{D5521787-C94C-4EFD-BCD5-70AC3BF7EB23}.AppStore|iPhone.Build.0 = Release|Any CPU
		{D5521787-C94C-4EFD-BCD5-70AC3BF7EB23}.AppStore|iPhone.Deploy.0 = Release|Any CPU
		{D5521787-C94C-4EFD-BCD5-70AC3BF7EB23}.AppStore|iPhoneSimulator.ActiveCfg = Release|Any CPU
		{D5521787-C94C-4EFD-BCD5-70AC3BF7EB23}.AppStore|iPhoneSimulator.Build.0 = Release|Any CPU
		{D5521787-C94C-4EFD-BCD5-70AC3BF7EB23}.AppStore|iPhoneSimulator.Deploy.0 = Release|Any CPU
		{D5521787-C94C-4EFD-BCD5-70AC3BF7EB23}.AppStore|x64.ActiveCfg = Release|Any CPU
		{D5521787-C94C-4EFD-BCD5-70AC3BF7EB23}.AppStore|x64.Build.0 = Release|Any CPU
		{D5521787-C94C-4EFD-BCD5-70AC3BF7EB23}.AppStore|x64.Deploy.0 = Release|Any CPU
		{D5521787-C94C-4EFD-BCD5-70AC3BF7EB23}.AppStore|x86.ActiveCfg = Release|Any CPU
		{D5521787-C94C-4EFD-BCD5-70AC3BF7EB23}.AppStore|x86.Build.0 = Release|Any CPU
		{D5521787-C94C-4EFD-BCD5-70AC3BF7EB23}.AppStore|x86.Deploy.0 = Release|Any CPU
		{D5521787-C94C-4EFD-BCD5-70AC3BF7EB23}.Debug|Any CPU.ActiveCfg = Debug|Any CPU
		{D5521787-C94C-4EFD-BCD5-70AC3BF7EB23}.Debug|Any CPU.Build.0 = Debug|Any CPU
		{D5521787-C94C-4EFD-BCD5-70AC3BF7EB23}.Debug|Any CPU.Deploy.0 = Debug|Any CPU
		{D5521787-C94C-4EFD-BCD5-70AC3BF7EB23}.Debug|ARM.ActiveCfg = Debug|Any CPU
		{D5521787-C94C-4EFD-BCD5-70AC3BF7EB23}.Debug|ARM.Build.0 = Debug|Any CPU
		{D5521787-C94C-4EFD-BCD5-70AC3BF7EB23}.Debug|ARM.Deploy.0 = Debug|Any CPU
		{D5521787-C94C-4EFD-BCD5-70AC3BF7EB23}.Debug|iPhone.ActiveCfg = Debug|Any CPU
		{D5521787-C94C-4EFD-BCD5-70AC3BF7EB23}.Debug|iPhone.Build.0 = Debug|Any CPU
		{D5521787-C94C-4EFD-BCD5-70AC3BF7EB23}.Debug|iPhone.Deploy.0 = Debug|Any CPU
		{D5521787-C94C-4EFD-BCD5-70AC3BF7EB23}.Debug|iPhoneSimulator.ActiveCfg = Debug|Any CPU
		{D5521787-C94C-4EFD-BCD5-70AC3BF7EB23}.Debug|iPhoneSimulator.Build.0 = Debug|Any CPU
		{D5521787-C94C-4EFD-BCD5-70AC3BF7EB23}.Debug|iPhoneSimulator.Deploy.0 = Debug|Any CPU
		{D5521787-C94C-4EFD-BCD5-70AC3BF7EB23}.Debug|x64.ActiveCfg = Debug|Any CPU
		{D5521787-C94C-4EFD-BCD5-70AC3BF7EB23}.Debug|x64.Build.0 = Debug|Any CPU
		{D5521787-C94C-4EFD-BCD5-70AC3BF7EB23}.Debug|x64.Deploy.0 = Debug|Any CPU
		{D5521787-C94C-4EFD-BCD5-70AC3BF7EB23}.Debug|x86.ActiveCfg = Debug|Any CPU
		{D5521787-C94C-4EFD-BCD5-70AC3BF7EB23}.Debug|x86.Build.0 = Debug|Any CPU
		{D5521787-C94C-4EFD-BCD5-70AC3BF7EB23}.Debug|x86.Deploy.0 = Debug|Any CPU
		{D5521787-C94C-4EFD-BCD5-70AC3BF7EB23}.Release|Any CPU.ActiveCfg = Release|Any CPU
		{D5521787-C94C-4EFD-BCD5-70AC3BF7EB23}.Release|Any CPU.Build.0 = Release|Any CPU
		{D5521787-C94C-4EFD-BCD5-70AC3BF7EB23}.Release|Any CPU.Deploy.0 = Release|Any CPU
		{D5521787-C94C-4EFD-BCD5-70AC3BF7EB23}.Release|ARM.ActiveCfg = Release|Any CPU
		{D5521787-C94C-4EFD-BCD5-70AC3BF7EB23}.Release|ARM.Build.0 = Release|Any CPU
		{D5521787-C94C-4EFD-BCD5-70AC3BF7EB23}.Release|ARM.Deploy.0 = Release|Any CPU
		{D5521787-C94C-4EFD-BCD5-70AC3BF7EB23}.Release|iPhone.ActiveCfg = Release|Any CPU
		{D5521787-C94C-4EFD-BCD5-70AC3BF7EB23}.Release|iPhone.Build.0 = Release|Any CPU
		{D5521787-C94C-4EFD-BCD5-70AC3BF7EB23}.Release|iPhone.Deploy.0 = Release|Any CPU
		{D5521787-C94C-4EFD-BCD5-70AC3BF7EB23}.Release|iPhoneSimulator.ActiveCfg = Release|Any CPU
		{D5521787-C94C-4EFD-BCD5-70AC3BF7EB23}.Release|iPhoneSimulator.Build.0 = Release|Any CPU
		{D5521787-C94C-4EFD-BCD5-70AC3BF7EB23}.Release|iPhoneSimulator.Deploy.0 = Release|Any CPU
		{D5521787-C94C-4EFD-BCD5-70AC3BF7EB23}.Release|x64.ActiveCfg = Release|Any CPU
		{D5521787-C94C-4EFD-BCD5-70AC3BF7EB23}.Release|x64.Build.0 = Release|Any CPU
		{D5521787-C94C-4EFD-BCD5-70AC3BF7EB23}.Release|x64.Deploy.0 = Release|Any CPU
		{D5521787-C94C-4EFD-BCD5-70AC3BF7EB23}.Release|x86.ActiveCfg = Release|Any CPU
		{D5521787-C94C-4EFD-BCD5-70AC3BF7EB23}.Release|x86.Build.0 = Release|Any CPU
		{D5521787-C94C-4EFD-BCD5-70AC3BF7EB23}.Release|x86.Deploy.0 = Release|Any CPU
		{BFA4CD79-E031-4652-BF85-846BBD43859A}.Ad-Hoc|Any CPU.ActiveCfg = Release|Any CPU
		{BFA4CD79-E031-4652-BF85-846BBD43859A}.Ad-Hoc|Any CPU.Build.0 = Release|Any CPU
		{BFA4CD79-E031-4652-BF85-846BBD43859A}.Ad-Hoc|ARM.ActiveCfg = Release|Any CPU
		{BFA4CD79-E031-4652-BF85-846BBD43859A}.Ad-Hoc|ARM.Build.0 = Release|Any CPU
		{BFA4CD79-E031-4652-BF85-846BBD43859A}.Ad-Hoc|iPhone.ActiveCfg = Release|Any CPU
		{BFA4CD79-E031-4652-BF85-846BBD43859A}.Ad-Hoc|iPhone.Build.0 = Release|Any CPU
		{BFA4CD79-E031-4652-BF85-846BBD43859A}.Ad-Hoc|iPhoneSimulator.ActiveCfg = Release|Any CPU
		{BFA4CD79-E031-4652-BF85-846BBD43859A}.Ad-Hoc|iPhoneSimulator.Build.0 = Release|Any CPU
		{BFA4CD79-E031-4652-BF85-846BBD43859A}.Ad-Hoc|x64.ActiveCfg = Release|Any CPU
		{BFA4CD79-E031-4652-BF85-846BBD43859A}.Ad-Hoc|x64.Build.0 = Release|Any CPU
		{BFA4CD79-E031-4652-BF85-846BBD43859A}.Ad-Hoc|x86.ActiveCfg = Release|Any CPU
		{BFA4CD79-E031-4652-BF85-846BBD43859A}.Ad-Hoc|x86.Build.0 = Release|Any CPU
		{BFA4CD79-E031-4652-BF85-846BBD43859A}.AppStore|Any CPU.ActiveCfg = Release|Any CPU
		{BFA4CD79-E031-4652-BF85-846BBD43859A}.AppStore|Any CPU.Build.0 = Release|Any CPU
		{BFA4CD79-E031-4652-BF85-846BBD43859A}.AppStore|ARM.ActiveCfg = Release|Any CPU
		{BFA4CD79-E031-4652-BF85-846BBD43859A}.AppStore|ARM.Build.0 = Release|Any CPU
		{BFA4CD79-E031-4652-BF85-846BBD43859A}.AppStore|iPhone.ActiveCfg = Release|Any CPU
		{BFA4CD79-E031-4652-BF85-846BBD43859A}.AppStore|iPhone.Build.0 = Release|Any CPU
		{BFA4CD79-E031-4652-BF85-846BBD43859A}.AppStore|iPhoneSimulator.ActiveCfg = Release|Any CPU
		{BFA4CD79-E031-4652-BF85-846BBD43859A}.AppStore|iPhoneSimulator.Build.0 = Release|Any CPU
		{BFA4CD79-E031-4652-BF85-846BBD43859A}.AppStore|x64.ActiveCfg = Release|Any CPU
		{BFA4CD79-E031-4652-BF85-846BBD43859A}.AppStore|x64.Build.0 = Release|Any CPU
		{BFA4CD79-E031-4652-BF85-846BBD43859A}.AppStore|x86.ActiveCfg = Release|Any CPU
		{BFA4CD79-E031-4652-BF85-846BBD43859A}.AppStore|x86.Build.0 = Release|Any CPU
		{BFA4CD79-E031-4652-BF85-846BBD43859A}.Debug|Any CPU.ActiveCfg = Debug|Any CPU
		{BFA4CD79-E031-4652-BF85-846BBD43859A}.Debug|Any CPU.Build.0 = Debug|Any CPU
		{BFA4CD79-E031-4652-BF85-846BBD43859A}.Debug|ARM.ActiveCfg = Debug|Any CPU
		{BFA4CD79-E031-4652-BF85-846BBD43859A}.Debug|ARM.Build.0 = Debug|Any CPU
		{BFA4CD79-E031-4652-BF85-846BBD43859A}.Debug|iPhone.ActiveCfg = Debug|Any CPU
		{BFA4CD79-E031-4652-BF85-846BBD43859A}.Debug|iPhone.Build.0 = Debug|Any CPU
		{BFA4CD79-E031-4652-BF85-846BBD43859A}.Debug|iPhoneSimulator.ActiveCfg = Debug|Any CPU
		{BFA4CD79-E031-4652-BF85-846BBD43859A}.Debug|iPhoneSimulator.Build.0 = Debug|Any CPU
		{BFA4CD79-E031-4652-BF85-846BBD43859A}.Debug|x64.ActiveCfg = Debug|Any CPU
		{BFA4CD79-E031-4652-BF85-846BBD43859A}.Debug|x64.Build.0 = Debug|Any CPU
		{BFA4CD79-E031-4652-BF85-846BBD43859A}.Debug|x86.ActiveCfg = Debug|Any CPU
		{BFA4CD79-E031-4652-BF85-846BBD43859A}.Debug|x86.Build.0 = Debug|Any CPU
		{BFA4CD79-E031-4652-BF85-846BBD43859A}.Release|Any CPU.ActiveCfg = Release|Any CPU
		{BFA4CD79-E031-4652-BF85-846BBD43859A}.Release|Any CPU.Build.0 = Release|Any CPU
		{BFA4CD79-E031-4652-BF85-846BBD43859A}.Release|ARM.ActiveCfg = Release|Any CPU
		{BFA4CD79-E031-4652-BF85-846BBD43859A}.Release|ARM.Build.0 = Release|Any CPU
		{BFA4CD79-E031-4652-BF85-846BBD43859A}.Release|iPhone.ActiveCfg = Release|Any CPU
		{BFA4CD79-E031-4652-BF85-846BBD43859A}.Release|iPhone.Build.0 = Release|Any CPU
		{BFA4CD79-E031-4652-BF85-846BBD43859A}.Release|iPhoneSimulator.ActiveCfg = Release|Any CPU
		{BFA4CD79-E031-4652-BF85-846BBD43859A}.Release|iPhoneSimulator.Build.0 = Release|Any CPU
		{BFA4CD79-E031-4652-BF85-846BBD43859A}.Release|x64.ActiveCfg = Release|Any CPU
		{BFA4CD79-E031-4652-BF85-846BBD43859A}.Release|x64.Build.0 = Release|Any CPU
		{BFA4CD79-E031-4652-BF85-846BBD43859A}.Release|x86.ActiveCfg = Release|Any CPU
		{BFA4CD79-E031-4652-BF85-846BBD43859A}.Release|x86.Build.0 = Release|Any CPU
		{9C6DF473-8141-4EAC-BFA1-5401D53B6682}.Ad-Hoc|Any CPU.ActiveCfg = Release|x86
		{9C6DF473-8141-4EAC-BFA1-5401D53B6682}.Ad-Hoc|Any CPU.Build.0 = Release|x86
		{9C6DF473-8141-4EAC-BFA1-5401D53B6682}.Ad-Hoc|Any CPU.Deploy.0 = Release|x86
		{9C6DF473-8141-4EAC-BFA1-5401D53B6682}.Ad-Hoc|ARM.ActiveCfg = Release|ARM
		{9C6DF473-8141-4EAC-BFA1-5401D53B6682}.Ad-Hoc|ARM.Build.0 = Release|ARM
		{9C6DF473-8141-4EAC-BFA1-5401D53B6682}.Ad-Hoc|ARM.Deploy.0 = Release|ARM
		{9C6DF473-8141-4EAC-BFA1-5401D53B6682}.Ad-Hoc|iPhone.ActiveCfg = Release|x86
		{9C6DF473-8141-4EAC-BFA1-5401D53B6682}.Ad-Hoc|iPhone.Build.0 = Release|x86
		{9C6DF473-8141-4EAC-BFA1-5401D53B6682}.Ad-Hoc|iPhone.Deploy.0 = Release|x86
		{9C6DF473-8141-4EAC-BFA1-5401D53B6682}.Ad-Hoc|iPhoneSimulator.ActiveCfg = Release|x86
		{9C6DF473-8141-4EAC-BFA1-5401D53B6682}.Ad-Hoc|iPhoneSimulator.Build.0 = Release|x86
		{9C6DF473-8141-4EAC-BFA1-5401D53B6682}.Ad-Hoc|iPhoneSimulator.Deploy.0 = Release|x86
		{9C6DF473-8141-4EAC-BFA1-5401D53B6682}.Ad-Hoc|x64.ActiveCfg = Release|x64
		{9C6DF473-8141-4EAC-BFA1-5401D53B6682}.Ad-Hoc|x64.Build.0 = Release|x64
		{9C6DF473-8141-4EAC-BFA1-5401D53B6682}.Ad-Hoc|x64.Deploy.0 = Release|x64
		{9C6DF473-8141-4EAC-BFA1-5401D53B6682}.Ad-Hoc|x86.ActiveCfg = Release|x86
		{9C6DF473-8141-4EAC-BFA1-5401D53B6682}.Ad-Hoc|x86.Build.0 = Release|x86
		{9C6DF473-8141-4EAC-BFA1-5401D53B6682}.Ad-Hoc|x86.Deploy.0 = Release|x86
		{9C6DF473-8141-4EAC-BFA1-5401D53B6682}.AppStore|Any CPU.ActiveCfg = Release|x86
		{9C6DF473-8141-4EAC-BFA1-5401D53B6682}.AppStore|Any CPU.Build.0 = Release|x86
		{9C6DF473-8141-4EAC-BFA1-5401D53B6682}.AppStore|Any CPU.Deploy.0 = Release|x86
		{9C6DF473-8141-4EAC-BFA1-5401D53B6682}.AppStore|ARM.ActiveCfg = Release|ARM
		{9C6DF473-8141-4EAC-BFA1-5401D53B6682}.AppStore|ARM.Build.0 = Release|ARM
		{9C6DF473-8141-4EAC-BFA1-5401D53B6682}.AppStore|ARM.Deploy.0 = Release|ARM
		{9C6DF473-8141-4EAC-BFA1-5401D53B6682}.AppStore|iPhone.ActiveCfg = Release|x86
		{9C6DF473-8141-4EAC-BFA1-5401D53B6682}.AppStore|iPhone.Build.0 = Release|x86
		{9C6DF473-8141-4EAC-BFA1-5401D53B6682}.AppStore|iPhone.Deploy.0 = Release|x86
		{9C6DF473-8141-4EAC-BFA1-5401D53B6682}.AppStore|iPhoneSimulator.ActiveCfg = Release|x86
		{9C6DF473-8141-4EAC-BFA1-5401D53B6682}.AppStore|iPhoneSimulator.Build.0 = Release|x86
		{9C6DF473-8141-4EAC-BFA1-5401D53B6682}.AppStore|iPhoneSimulator.Deploy.0 = Release|x86
		{9C6DF473-8141-4EAC-BFA1-5401D53B6682}.AppStore|x64.ActiveCfg = Release|x64
		{9C6DF473-8141-4EAC-BFA1-5401D53B6682}.AppStore|x64.Build.0 = Release|x64
		{9C6DF473-8141-4EAC-BFA1-5401D53B6682}.AppStore|x64.Deploy.0 = Release|x64
		{9C6DF473-8141-4EAC-BFA1-5401D53B6682}.AppStore|x86.ActiveCfg = Release|x86
		{9C6DF473-8141-4EAC-BFA1-5401D53B6682}.AppStore|x86.Build.0 = Release|x86
		{9C6DF473-8141-4EAC-BFA1-5401D53B6682}.AppStore|x86.Deploy.0 = Release|x86
		{9C6DF473-8141-4EAC-BFA1-5401D53B6682}.Debug|Any CPU.ActiveCfg = Debug|x86
		{9C6DF473-8141-4EAC-BFA1-5401D53B6682}.Debug|ARM.ActiveCfg = Debug|ARM
		{9C6DF473-8141-4EAC-BFA1-5401D53B6682}.Debug|ARM.Build.0 = Debug|ARM
		{9C6DF473-8141-4EAC-BFA1-5401D53B6682}.Debug|ARM.Deploy.0 = Debug|ARM
		{9C6DF473-8141-4EAC-BFA1-5401D53B6682}.Debug|iPhone.ActiveCfg = Debug|x86
		{9C6DF473-8141-4EAC-BFA1-5401D53B6682}.Debug|iPhoneSimulator.ActiveCfg = Debug|x86
		{9C6DF473-8141-4EAC-BFA1-5401D53B6682}.Debug|x64.ActiveCfg = Debug|x64
		{9C6DF473-8141-4EAC-BFA1-5401D53B6682}.Debug|x64.Build.0 = Debug|x64
		{9C6DF473-8141-4EAC-BFA1-5401D53B6682}.Debug|x64.Deploy.0 = Debug|x64
		{9C6DF473-8141-4EAC-BFA1-5401D53B6682}.Debug|x86.ActiveCfg = Debug|x86
		{9C6DF473-8141-4EAC-BFA1-5401D53B6682}.Debug|x86.Build.0 = Debug|x86
		{9C6DF473-8141-4EAC-BFA1-5401D53B6682}.Debug|x86.Deploy.0 = Debug|x86
		{9C6DF473-8141-4EAC-BFA1-5401D53B6682}.Release|Any CPU.ActiveCfg = Release|x86
		{9C6DF473-8141-4EAC-BFA1-5401D53B6682}.Release|ARM.ActiveCfg = Release|ARM
		{9C6DF473-8141-4EAC-BFA1-5401D53B6682}.Release|ARM.Build.0 = Release|ARM
		{9C6DF473-8141-4EAC-BFA1-5401D53B6682}.Release|ARM.Deploy.0 = Release|ARM
		{9C6DF473-8141-4EAC-BFA1-5401D53B6682}.Release|iPhone.ActiveCfg = Release|x86
		{9C6DF473-8141-4EAC-BFA1-5401D53B6682}.Release|iPhoneSimulator.ActiveCfg = Release|x86
		{9C6DF473-8141-4EAC-BFA1-5401D53B6682}.Release|x64.ActiveCfg = Release|x64
		{9C6DF473-8141-4EAC-BFA1-5401D53B6682}.Release|x64.Build.0 = Release|x64
		{9C6DF473-8141-4EAC-BFA1-5401D53B6682}.Release|x64.Deploy.0 = Release|x64
		{9C6DF473-8141-4EAC-BFA1-5401D53B6682}.Release|x86.ActiveCfg = Release|x86
		{9C6DF473-8141-4EAC-BFA1-5401D53B6682}.Release|x86.Build.0 = Release|x86
		{9C6DF473-8141-4EAC-BFA1-5401D53B6682}.Release|x86.Deploy.0 = Release|x86
		{7EEC12B9-2993-4102-B38D-1407EB5887E0}.Ad-Hoc|Any CPU.ActiveCfg = Ad-Hoc|iPhoneSimulator
		{7EEC12B9-2993-4102-B38D-1407EB5887E0}.Ad-Hoc|ARM.ActiveCfg = Ad-Hoc|iPhone
		{7EEC12B9-2993-4102-B38D-1407EB5887E0}.Ad-Hoc|iPhone.ActiveCfg = Ad-Hoc|iPhone
		{7EEC12B9-2993-4102-B38D-1407EB5887E0}.Ad-Hoc|iPhone.Build.0 = Ad-Hoc|iPhone
		{7EEC12B9-2993-4102-B38D-1407EB5887E0}.Ad-Hoc|iPhoneSimulator.ActiveCfg = Ad-Hoc|iPhoneSimulator
		{7EEC12B9-2993-4102-B38D-1407EB5887E0}.Ad-Hoc|iPhoneSimulator.Build.0 = Ad-Hoc|iPhoneSimulator
		{7EEC12B9-2993-4102-B38D-1407EB5887E0}.Ad-Hoc|x64.ActiveCfg = Ad-Hoc|iPhone
		{7EEC12B9-2993-4102-B38D-1407EB5887E0}.Ad-Hoc|x86.ActiveCfg = Ad-Hoc|iPhone
		{7EEC12B9-2993-4102-B38D-1407EB5887E0}.AppStore|Any CPU.ActiveCfg = AppStore|iPhoneSimulator
		{7EEC12B9-2993-4102-B38D-1407EB5887E0}.AppStore|ARM.ActiveCfg = AppStore|iPhone
		{7EEC12B9-2993-4102-B38D-1407EB5887E0}.AppStore|iPhone.ActiveCfg = AppStore|iPhone
		{7EEC12B9-2993-4102-B38D-1407EB5887E0}.AppStore|iPhone.Build.0 = AppStore|iPhone
		{7EEC12B9-2993-4102-B38D-1407EB5887E0}.AppStore|iPhoneSimulator.ActiveCfg = AppStore|iPhoneSimulator
		{7EEC12B9-2993-4102-B38D-1407EB5887E0}.AppStore|iPhoneSimulator.Build.0 = AppStore|iPhoneSimulator
		{7EEC12B9-2993-4102-B38D-1407EB5887E0}.AppStore|x64.ActiveCfg = AppStore|iPhone
		{7EEC12B9-2993-4102-B38D-1407EB5887E0}.AppStore|x86.ActiveCfg = AppStore|iPhone
		{7EEC12B9-2993-4102-B38D-1407EB5887E0}.Debug|Any CPU.ActiveCfg = Debug|iPhoneSimulator
		{7EEC12B9-2993-4102-B38D-1407EB5887E0}.Debug|ARM.ActiveCfg = Debug|iPhone
		{7EEC12B9-2993-4102-B38D-1407EB5887E0}.Debug|iPhone.ActiveCfg = Debug|iPhone
		{7EEC12B9-2993-4102-B38D-1407EB5887E0}.Debug|iPhone.Build.0 = Debug|iPhone
		{7EEC12B9-2993-4102-B38D-1407EB5887E0}.Debug|iPhoneSimulator.ActiveCfg = Debug|iPhoneSimulator
		{7EEC12B9-2993-4102-B38D-1407EB5887E0}.Debug|iPhoneSimulator.Build.0 = Debug|iPhoneSimulator
		{7EEC12B9-2993-4102-B38D-1407EB5887E0}.Debug|x64.ActiveCfg = Debug|iPhone
		{7EEC12B9-2993-4102-B38D-1407EB5887E0}.Debug|x86.ActiveCfg = Debug|iPhone
		{7EEC12B9-2993-4102-B38D-1407EB5887E0}.Release|Any CPU.ActiveCfg = Release|iPhoneSimulator
		{7EEC12B9-2993-4102-B38D-1407EB5887E0}.Release|ARM.ActiveCfg = Release|iPhone
		{7EEC12B9-2993-4102-B38D-1407EB5887E0}.Release|iPhone.ActiveCfg = Release|iPhone
		{7EEC12B9-2993-4102-B38D-1407EB5887E0}.Release|iPhone.Build.0 = Release|iPhone
		{7EEC12B9-2993-4102-B38D-1407EB5887E0}.Release|iPhoneSimulator.ActiveCfg = Release|iPhoneSimulator
		{7EEC12B9-2993-4102-B38D-1407EB5887E0}.Release|iPhoneSimulator.Build.0 = Release|iPhoneSimulator
		{7EEC12B9-2993-4102-B38D-1407EB5887E0}.Release|x64.ActiveCfg = Release|iPhone
		{7EEC12B9-2993-4102-B38D-1407EB5887E0}.Release|x86.ActiveCfg = Release|iPhone
	EndGlobalSection
	GlobalSection(SolutionProperties) = preSolution
		HideSolutionNode = FALSE
	EndGlobalSection
	GlobalSection(ExtensibilityGlobals) = postSolution
		SolutionGuid = {9B57FE11-7C9E-458A-83EA-B72008E642C5}
	EndGlobalSection
EndGlobal
