
Microsoft Visual Studio Solution File, Format Version 12.00
# Visual Studio 15
VisualStudioVersion = 15.0.27004.2006
MinimumVisualStudioVersion = 10.0.40219.1
Project("{FAE04EC0-301F-11D3-BF4B-00C04F79EFBC}") = "WebService", "WebService\WebService.csproj", "{56F71006-42BB-40C6-AAC5-7655568DA23B}"
EndProject
Project("{FAE04EC0-301F-11D3-BF4B-00C04F79EFBC}") = "DataAccess", "DataAccess\DataAccess.csproj", "{622C6410-8508-42E2-957D-C91A9D46DB4B}"
EndProject
Global
	GlobalSection(SolutionConfigurationPlatforms) = preSolution
		Debug|Any CPU = Debug|Any CPU
		Release|Any CPU = Release|Any CPU
	EndGlobalSection
	GlobalSection(ProjectConfigurationPlatforms) = postSolution
		{56F71006-42BB-40C6-AAC5-7655568DA23B}.Debug|Any CPU.ActiveCfg = Debug|Any CPU
		{56F71006-42BB-40C6-AAC5-7655568DA23B}.Debug|Any CPU.Build.0 = Debug|Any CPU
		{56F71006-42BB-40C6-AAC5-7655568DA23B}.Release|Any CPU.ActiveCfg = Release|Any CPU
		{56F71006-42BB-40C6-AAC5-7655568DA23B}.Release|Any CPU.Build.0 = Release|Any CPU
		{622C6410-8508-42E2-957D-C91A9D46DB4B}.Debug|Any CPU.ActiveCfg = Debug|Any CPU
		{622C6410-8508-42E2-957D-C91A9D46DB4B}.Debug|Any CPU.Build.0 = Debug|Any CPU
		{622C6410-8508-42E2-957D-C91A9D46DB4B}.Release|Any CPU.ActiveCfg = Release|Any CPU
		{622C6410-8508-42E2-957D-C91A9D46DB4B}.Release|Any CPU.Build.0 = Release|Any CPU
	EndGlobalSection
	GlobalSection(SolutionProperties) = preSolution
		HideSolutionNode = FALSE
	EndGlobalSection
	GlobalSection(ExtensibilityGlobals) = postSolution
		SolutionGuid = {C27F59CF-8E28-4890-A75A-EA45D178F4B2}
	EndGlobalSection
EndGlobal
